// !$*UTF8*$!
{
	archiveVersion = 1;
	classes = {
	};
	objectVersion = 46;
	objects = {

/* Begin PBXBuildFile section */
		606CA124236650B2001C550E /* main.m in Sources */ = {isa = PBXBuildFile; fileRef = 606CA123236650B2001C550E /* main.m */; };
		7D6E87671F38F16500D6BD7C /* libbsm.tbd in Frameworks */ = {isa = PBXBuildFile; fileRef = 7D6E87661F38F16500D6BD7C /* libbsm.tbd */; };
		CD4C40B12100726400D0FD21 /* libprocInfo.a in Frameworks */ = {isa = PBXBuildFile; fileRef = CD4C40B02100726400D0FD21 /* libprocInfo.a */; };
/* End PBXBuildFile section */

/* Begin PBXCopyFilesBuildPhase section */
		7D83AA271EBA39AC001506F0 /* Copy Files */ = {
			isa = PBXCopyFilesBuildPhase;
			buildActionMask = 2147483647;
			dstPath = /usr/share/man/man1/;
			dstSubfolderSpec = 0;
			files = (
			);
			name = "Copy Files";
			runOnlyForDeploymentPostprocessing = 1;
		};
/* End PBXCopyFilesBuildPhase section */

/* Begin PBXFileReference section */
		606CA12223665071001C550E /* killpkg */ = {isa = PBXFileReference; lastKnownFileType = "compiled.mach-o.executable"; name = killpkg; path = bin/killpkg; sourceTree = "<group>"; };
		606CA123236650B2001C550E /* main.m */ = {isa = PBXFileReference; fileEncoding = 4; lastKnownFileType = sourcecode.c.objc; name = main.m; path = killpkg/main.m; sourceTree = SOURCE_ROOT; };
		7D6E87661F38F16500D6BD7C /* libbsm.tbd */ = {isa = PBXFileReference; lastKnownFileType = "sourcecode.text-based-dylib-definition"; name = libbsm.tbd; path = usr/lib/libbsm.tbd; sourceTree = SDKROOT; };
		CD4C40AF2100725A00D0FD21 /* procInfo.h */ = {isa = PBXFileReference; fileEncoding = 4; lastKnownFileType = sourcecode.c.h; path = procInfo.h; sourceTree = "<group>"; };
		CD4C40B02100726400D0FD21 /* libprocInfo.a */ = {isa = PBXFileReference; lastKnownFileType = archive.ar; name = libprocInfo.a; path = lib/libprocInfo.a; sourceTree = "<group>"; };
/* End PBXFileReference section */

/* Begin PBXFrameworksBuildPhase section */
		7D83AA261EBA39AC001506F0 /* Frameworks */ = {
			isa = PBXFrameworksBuildPhase;
			buildActionMask = 2147483647;
			files = (
				7D6E87671F38F16500D6BD7C /* libbsm.tbd in Frameworks */,
				CD4C40B12100726400D0FD21 /* libprocInfo.a in Frameworks */,
			);
			runOnlyForDeploymentPostprocessing = 0;
		};
/* End PBXFrameworksBuildPhase section */

/* Begin PBXGroup section */
		7D83AA201EBA39AC001506F0 = {
			isa = PBXGroup;
			children = (
				CD04A3DD20C8C99D009364CF /* lib */,
				7D83AA2B1EBA39AC001506F0 /* src */,
				7D83AA2A1EBA39AC001506F0 /* bin */,
				7D83AA331EBA7121001506F0 /* Frameworks */,
			);
			sourceTree = "<group>";
		};
		7D83AA2A1EBA39AC001506F0 /* bin */ = {
			isa = PBXGroup;
			children = (
				606CA12223665071001C550E /* killpkg */,
			);
			name = bin;
			sourceTree = "<group>";
		};
		7D83AA2B1EBA39AC001506F0 /* src */ = {
			isa = PBXGroup;
			children = (
				606CA123236650B2001C550E /* main.m */,
			);
			name = src;
			path = procmonConsumer;
			sourceTree = "<group>";
		};
		7D83AA331EBA7121001506F0 /* Frameworks */ = {
			isa = PBXGroup;
			children = (
				7D6E87661F38F16500D6BD7C /* libbsm.tbd */,
				CD4C40B02100726400D0FD21 /* libprocInfo.a */,
			);
			name = Frameworks;
			sourceTree = "<group>";
		};
		CD04A3DD20C8C99D009364CF /* lib */ = {
			isa = PBXGroup;
			children = (
				CD4C40AF2100725A00D0FD21 /* procInfo.h */,
			);
			path = lib;
			sourceTree = "<group>";
		};
/* End PBXGroup section */

/* Begin PBXNativeTarget section */
		7D83AA281EBA39AC001506F0 /* killpkg */ = {
			isa = PBXNativeTarget;
			buildConfigurationList = 7D83AA301EBA39AC001506F0 /* Build configuration list for PBXNativeTarget "killpkg" */;
			buildPhases = (
				7D83AA251EBA39AC001506F0 /* Sources */,
				7D83AA261EBA39AC001506F0 /* Frameworks */,
				7D83AA271EBA39AC001506F0 /* Copy Files */,
				7D6E877B1F3BD4EE00D6BD7C /* ShellScript */,
			);
			buildRules = (
			);
			dependencies = (
			);
			name = killpkg;
			productName = procmonConsumer;
			productType = "com.apple.product-type.tool";
		};
/* End PBXNativeTarget section */

/* Begin PBXProject section */
		7D83AA211EBA39AC001506F0 /* Project object */ = {
			isa = PBXProject;
			attributes = {
				LastUpgradeCheck = 0940;
				ORGANIZATIONNAME = "Objective-See";
				TargetAttributes = {
					7D83AA281EBA39AC001506F0 = {
						CreatedOnToolsVersion = 8.2.1;
						ProvisioningStyle = Automatic;
					};
				};
			};
			buildConfigurationList = 7D83AA241EBA39AC001506F0 /* Build configuration list for PBXProject "killpkg" */;
			compatibilityVersion = "Xcode 3.2";
			developmentRegion = English;
			hasScannedForEncodings = 0;
			knownRegions = (
				English,
				en,
			);
			mainGroup = 7D83AA201EBA39AC001506F0;
			productRefGroup = 7D83AA2A1EBA39AC001506F0 /* bin */;
			projectDirPath = "";
			projectRoot = "";
			targets = (
				7D83AA281EBA39AC001506F0 /* killpkg */,
			);
		};
/* End PBXProject section */

/* Begin PBXShellScriptBuildPhase section */
		7D6E877B1F3BD4EE00D6BD7C /* ShellScript */ = {
			isa = PBXShellScriptBuildPhase;
			buildActionMask = 2147483647;
			files = (
			);
			inputPaths = (
			);
			outputPaths = (
			);
			runOnlyForDeploymentPostprocessing = 0;
			shellPath = /bin/sh;
			shellScript = "#move binary into top-level bin/ folder\nmv \"$CODESIGNING_FOLDER_PATH\" \"$SRCROOT/bin/\"";
		};
/* End PBXShellScriptBuildPhase section */

/* Begin PBXSourcesBuildPhase section */
		7D83AA251EBA39AC001506F0 /* Sources */ = {
			isa = PBXSourcesBuildPhase;
			buildActionMask = 2147483647;
			files = (
				606CA124236650B2001C550E /* main.m in Sources */,
			);
			runOnlyForDeploymentPostprocessing = 0;
		};
/* End PBXSourcesBuildPhase section */

/* Begin XCBuildConfiguration section */
		7D83AA2E1EBA39AC001506F0 /* Debug */ = {
			isa = XCBuildConfiguration;
			buildSettings = {
				ALWAYS_SEARCH_USER_PATHS = NO;
				CLANG_ANALYZER_NONNULL = YES;
				CLANG_CXX_LANGUAGE_STANDARD = "gnu++0x";
				CLANG_CXX_LIBRARY = "libc++";
				CLANG_ENABLE_MODULES = YES;
				CLANG_ENABLE_OBJC_ARC = YES;
				CLANG_WARN_BLOCK_CAPTURE_AUTORELEASING = YES;
				CLANG_WARN_BOOL_CONVERSION = YES;
				CLANG_WARN_COMMA = YES;
				CLANG_WARN_CONSTANT_CONVERSION = YES;
				CLANG_WARN_DEPRECATED_OBJC_IMPLEMENTATIONS = YES;
				CLANG_WARN_DIRECT_OBJC_ISA_USAGE = YES_ERROR;
				CLANG_WARN_DOCUMENTATION_COMMENTS = YES;
				CLANG_WARN_EMPTY_BODY = YES;
				CLANG_WARN_ENUM_CONVERSION = YES;
				CLANG_WARN_INFINITE_RECURSION = YES;
				CLANG_WARN_INT_CONVERSION = YES;
				CLANG_WARN_NON_LITERAL_NULL_CONVERSION = YES;
				CLANG_WARN_OBJC_IMPLICIT_RETAIN_SELF = YES;
				CLANG_WARN_OBJC_LITERAL_CONVERSION = YES;
				CLANG_WARN_OBJC_ROOT_CLASS = YES_ERROR;
				CLANG_WARN_RANGE_LOOP_ANALYSIS = YES;
				CLANG_WARN_STRICT_PROTOTYPES = YES;
				CLANG_WARN_SUSPICIOUS_MOVE = YES;
				CLANG_WARN_UNREACHABLE_CODE = YES;
				CLANG_WARN__DUPLICATE_METHOD_MATCH = YES;
				CODE_SIGN_IDENTITY = "-";
				COPY_PHASE_STRIP = NO;
				DEBUG_INFORMATION_FORMAT = dwarf;
				ENABLE_STRICT_OBJC_MSGSEND = YES;
				ENABLE_TESTABILITY = YES;
				GCC_C_LANGUAGE_STANDARD = gnu99;
				GCC_DYNAMIC_NO_PIC = NO;
				GCC_NO_COMMON_BLOCKS = YES;
				GCC_OPTIMIZATION_LEVEL = 0;
				GCC_PREPROCESSOR_DEFINITIONS = (
					"DEBUG=1",
					"$(inherited)",
				);
				GCC_WARN_64_TO_32_BIT_CONVERSION = YES;
				GCC_WARN_ABOUT_RETURN_TYPE = YES_ERROR;
				GCC_WARN_UNDECLARED_SELECTOR = YES;
				GCC_WARN_UNINITIALIZED_AUTOS = YES_AGGRESSIVE;
				GCC_WARN_UNUSED_FUNCTION = YES;
				GCC_WARN_UNUSED_VARIABLE = YES;
				MACOSX_DEPLOYMENT_TARGET = 10.12;
				MTL_ENABLE_DEBUG_INFO = YES;
				ONLY_ACTIVE_ARCH = YES;
				SDKROOT = macosx;
			};
			name = Debug;
		};
		7D83AA2F1EBA39AC001506F0 /* Release */ = {
			isa = XCBuildConfiguration;
			buildSettings = {
				ALWAYS_SEARCH_USER_PATHS = NO;
				CLANG_ANALYZER_NONNULL = YES;
				CLANG_CXX_LANGUAGE_STANDARD = "gnu++0x";
				CLANG_CXX_LIBRARY = "libc++";
				CLANG_ENABLE_MODULES = YES;
				CLANG_ENABLE_OBJC_ARC = YES;
				CLANG_WARN_BLOCK_CAPTURE_AUTORELEASING = YES;
				CLANG_WARN_BOOL_CONVERSION = YES;
				CLANG_WARN_COMMA = YES;
				CLANG_WARN_CONSTANT_CONVERSION = YES;
				CLANG_WARN_DEPRECATED_OBJC_IMPLEMENTATIONS = YES;
				CLANG_WARN_DIRECT_OBJC_ISA_USAGE = YES_ERROR;
				CLANG_WARN_DOCUMENTATION_COMMENTS = YES;
				CLANG_WARN_EMPTY_BODY = YES;
				CLANG_WARN_ENUM_CONVERSION = YES;
				CLANG_WARN_INFINITE_RECURSION = YES;
				CLANG_WARN_INT_CONVERSION = YES;
				CLANG_WARN_NON_LITERAL_NULL_CONVERSION = YES;
				CLANG_WARN_OBJC_IMPLICIT_RETAIN_SELF = YES;
				CLANG_WARN_OBJC_LITERAL_CONVERSION = YES;
				CLANG_WARN_OBJC_ROOT_CLASS = YES_ERROR;
				CLANG_WARN_RANGE_LOOP_ANALYSIS = YES;
				CLANG_WARN_STRICT_PROTOTYPES = YES;
				CLANG_WARN_SUSPICIOUS_MOVE = YES;
				CLANG_WARN_UNREACHABLE_CODE = YES;
				CLANG_WARN__DUPLICATE_METHOD_MATCH = YES;
				CODE_SIGN_IDENTITY = "-";
				COPY_PHASE_STRIP = NO;
				DEBUG_INFORMATION_FORMAT = "dwarf-with-dsym";
				ENABLE_NS_ASSERTIONS = NO;
				ENABLE_STRICT_OBJC_MSGSEND = YES;
				GCC_C_LANGUAGE_STANDARD = gnu99;
				GCC_NO_COMMON_BLOCKS = YES;
				GCC_WARN_64_TO_32_BIT_CONVERSION = YES;
				GCC_WARN_ABOUT_RETURN_TYPE = YES_ERROR;
				GCC_WARN_UNDECLARED_SELECTOR = YES;
				GCC_WARN_UNINITIALIZED_AUTOS = YES_AGGRESSIVE;
				GCC_WARN_UNUSED_FUNCTION = YES;
				GCC_WARN_UNUSED_VARIABLE = YES;
				MACOSX_DEPLOYMENT_TARGET = 10.12;
				MTL_ENABLE_DEBUG_INFO = NO;
				SDKROOT = macosx;
			};
			name = Release;
		};
		7D83AA311EBA39AC001506F0 /* Debug */ = {
			isa = XCBuildConfiguration;
			buildSettings = {
				ALWAYS_SEARCH_USER_PATHS = YES;
				CODE_SIGN_IDENTITY = "";
				LIBRARY_SEARCH_PATHS = (
					"$(inherited)",
					"$(PROJECT_DIR)",
					"$(PROJECT_DIR)/lib",
				);
				PRODUCT_NAME = "$(TARGET_NAME)";
			};
			name = Debug;
		};
		7D83AA321EBA39AC001506F0 /* Release */ = {
			isa = XCBuildConfiguration;
			buildSettings = {
				ALWAYS_SEARCH_USER_PATHS = YES;
				CODE_SIGN_IDENTITY = "";
				LIBRARY_SEARCH_PATHS = (
					"$(inherited)",
					"$(PROJECT_DIR)",
					"$(PROJECT_DIR)/lib",
				);
				PRODUCT_NAME = "$(TARGET_NAME)";
			};
			name = Release;
		};
/* End XCBuildConfiguration section */

/* Begin XCConfigurationList section */
		7D83AA241EBA39AC001506F0 /* Build configuration list for PBXProject "killpkg" */ = {
			isa = XCConfigurationList;
			buildConfigurations = (
				7D83AA2E1EBA39AC001506F0 /* Debug */,
				7D83AA2F1EBA39AC001506F0 /* Release */,
			);
			defaultConfigurationIsVisible = 0;
			defaultConfigurationName = Release;
		};
		7D83AA301EBA39AC001506F0 /* Build configuration list for PBXNativeTarget "killpkg" */ = {
			isa = XCConfigurationList;
			buildConfigurations = (
				7D83AA311EBA39AC001506F0 /* Debug */,
				7D83AA321EBA39AC001506F0 /* Release */,
			);
			defaultConfigurationIsVisible = 0;
			defaultConfigurationName = Release;
		};
/* End XCConfigurationList section */
	};
	rootObject = 7D83AA211EBA39AC001506F0 /* Project object */;
}
