// !$*UTF8*$!
{
	archiveVersion = 1;
	classes = {
	};
	objectVersion = 50;
	objects = {

/* Begin PBXBuildFile section */
		60E4B4CA24022A8C00919F36 /* OriginFixer.h in Headers */ = {isa = PBXBuildFile; fileRef = 60E4B4C824022A8C00919F36 /* OriginFixer.h */; settings = {ATTRIBUTES = (Public, ); }; };
		60E4B4D224022A9600919F36 /* NSView+Fixer.h in Headers */ = {isa = PBXBuildFile; fileRef = 60E4B4D024022A9600919F36 /* NSView+Fixer.h */; };
		60E4B4D324022A9600919F36 /* NSView+Fixer.m in Sources */ = {isa = PBXBuildFile; fileRef = 60E4B4D124022A9600919F36 /* NSView+Fixer.m */; };
/* End PBXBuildFile section */

/* Begin PBXFileReference section */
		608F108E2408FC8A00BD7261 /* Assets.xcassets */ = {isa = PBXFileReference; lastKnownFileType = folder.assetcatalog; path = Assets.xcassets; sourceTree = "<group>"; };
		608F10B12408FEAC00BD7261 /* NSImage+Fixer.h */ = {isa = PBXFileReference; fileEncoding = 4; lastKnownFileType = sourcecode.c.h; path = "NSImage+Fixer.h"; sourceTree = "<group>"; };
		608F10B22408FEAC00BD7261 /* NSImage+Fixer.m */ = {isa = PBXFileReference; fileEncoding = 4; lastKnownFileType = sourcecode.c.objc; path = "NSImage+Fixer.m"; sourceTree = "<group>"; };
		60E4B4C524022A8B00919F36 /* OriginFixer.framework */ = {isa = PBXFileReference; explicitFileType = wrapper.framework; includeInIndex = 0; path = OriginFixer.framework; sourceTree = BUILT_PRODUCTS_DIR; };
		60E4B4C824022A8C00919F36 /* OriginFixer.h */ = {isa = PBXFileReference; lastKnownFileType = sourcecode.c.h; path = OriginFixer.h; sourceTree = "<group>"; };
		60E4B4C924022A8C00919F36 /* Info.plist */ = {isa = PBXFileReference; lastKnownFileType = text.plist.xml; path = Info.plist; sourceTree = "<group>"; };
		60E4B4D024022A9600919F36 /* NSView+Fixer.h */ = {isa = PBXFileReference; lastKnownFileType = sourcecode.c.h; path = "NSView+Fixer.h"; sourceTree = "<group>"; };
		60E4B4D124022A9600919F36 /* NSView+Fixer.m */ = {isa = PBXFileReference; lastKnownFileType = sourcecode.c.objc; path = "NSView+Fixer.m"; sourceTree = "<group>"; };
		60E5EBAF240A5FB0000669FD /* BDAlias.h */ = {isa = PBXFileReference; fileEncoding = 4; lastKnownFileType = sourcecode.c.h; name = BDAlias.h; path = ../../../../Libraries/BDAlias/BDAlias.h; sourceTree = "<group>"; };
		60E5EBB0240A5FB0000669FD /* BDAlias.m */ = {isa = PBXFileReference; fileEncoding = 4; lastKnownFileType = sourcecode.c.objc; name = BDAlias.m; path = ../../../../Libraries/BDAlias/BDAlias.m; sourceTree = "<group>"; };
		60F7A06524098939003CD509 /* Why.txt */ = {isa = PBXFileReference; fileEncoding = 4; lastKnownFileType = text; path = Why.txt; sourceTree = "<group>"; };
/* End PBXFileReference section */

/* Begin PBXFrameworksBuildPhase section */
		60E4B4C224022A8B00919F36 /* Frameworks */ = {
			isa = PBXFrameworksBuildPhase;
			buildActionMask = 2147483647;
			files = (
			);
			runOnlyForDeploymentPostprocessing = 0;
		};
/* End PBXFrameworksBuildPhase section */

/* Begin PBXGroup section */
		60E4B4BB24022A8B00919F36 = {
			isa = PBXGroup;
			children = (
				60E4B4C724022A8C00919F36 /* OriginFixer */,
				60E4B4C624022A8B00919F36 /* Products */,
			);
			sourceTree = "<group>";
		};
		60E4B4C624022A8B00919F36 /* Products */ = {
			isa = PBXGroup;
			children = (
				60E4B4C524022A8B00919F36 /* OriginFixer.framework */,
			);
			name = Products;
			sourceTree = "<group>";
		};
		60E4B4C724022A8C00919F36 /* OriginFixer */ = {
			isa = PBXGroup;
			children = (
				60E4B4C824022A8C00919F36 /* OriginFixer.h */,
				60E4B4D024022A9600919F36 /* NSView+Fixer.h */,
				60E4B4D124022A9600919F36 /* NSView+Fixer.m */,
				60F7A06424098899003CD509 /* Not Used */,
				60E4B4C924022A8C00919F36 /* Info.plist */,
			);
			path = OriginFixer;
			sourceTree = "<group>";
		};
		60F7A06424098899003CD509 /* Not Used */ = {
			isa = PBXGroup;
			children = (
				60F7A06524098939003CD509 /* Why.txt */,
				608F10B12408FEAC00BD7261 /* NSImage+Fixer.h */,
				608F10B22408FEAC00BD7261 /* NSImage+Fixer.m */,
				60E5EBAF240A5FB0000669FD /* BDAlias.h */,
				60E5EBB0240A5FB0000669FD /* BDAlias.m */,
				608F108E2408FC8A00BD7261 /* Assets.xcassets */,
			);
			path = "Not Used";
			sourceTree = "<group>";
		};
/* End PBXGroup section */

/* Begin PBXHeadersBuildPhase section */
		60E4B4C024022A8B00919F36 /* Headers */ = {
			isa = PBXHeadersBuildPhase;
			buildActionMask = 2147483647;
			files = (
				60E4B4CA24022A8C00919F36 /* OriginFixer.h in Headers */,
				60E4B4D224022A9600919F36 /* NSView+Fixer.h in Headers */,
			);
			runOnlyForDeploymentPostprocessing = 0;
		};
/* End PBXHeadersBuildPhase section */

/* Begin PBXNativeTarget section */
		60E4B4C424022A8B00919F36 /* OriginFixer */ = {
			isa = PBXNativeTarget;
			buildConfigurationList = 60E4B4CD24022A8C00919F36 /* Build configuration list for PBXNativeTarget "OriginFixer" */;
			buildPhases = (
				60E4B4C024022A8B00919F36 /* Headers */,
				60E4B4C124022A8B00919F36 /* Sources */,
				60E4B4C224022A8B00919F36 /* Frameworks */,
				60E4B4C324022A8B00919F36 /* Resources */,
			);
			buildRules = (
			);
			dependencies = (
			);
			name = OriginFixer;
			productName = OriginFixer;
			productReference = 60E4B4C524022A8B00919F36 /* OriginFixer.framework */;
			productType = "com.apple.product-type.framework";
		};
/* End PBXNativeTarget section */

/* Begin PBXProject section */
		60E4B4BC24022A8B00919F36 /* Project object */ = {
			isa = PBXProject;
			attributes = {
				LastUpgradeCheck = 1130;
				ORGANIZATIONNAME = Tyshawn;
				TargetAttributes = {
					60E4B4C424022A8B00919F36 = {
						CreatedOnToolsVersion = 11.3.1;
					};
				};
			};
			buildConfigurationList = 60E4B4BF24022A8B00919F36 /* Build configuration list for PBXProject "OriginFixer" */;
			compatibilityVersion = "Xcode 9.3";
			developmentRegion = en;
			hasScannedForEncodings = 0;
			knownRegions = (
				en,
				Base,
			);
			mainGroup = 60E4B4BB24022A8B00919F36;
			productRefGroup = 60E4B4C624022A8B00919F36 /* Products */;
			projectDirPath = "";
			projectRoot = "";
			targets = (
				60E4B4C424022A8B00919F36 /* OriginFixer */,
			);
		};
/* End PBXProject section */

/* Begin PBXResourcesBuildPhase section */
		60E4B4C324022A8B00919F36 /* Resources */ = {
			isa = PBXResourcesBuildPhase;
			buildActionMask = 2147483647;
			files = (
			);
			runOnlyForDeploymentPostprocessing = 0;
		};
/* End PBXResourcesBuildPhase section */

/* Begin PBXSourcesBuildPhase section */
		60E4B4C124022A8B00919F36 /* Sources */ = {
			isa = PBXSourcesBuildPhase;
			buildActionMask = 2147483647;
			files = (
				60E4B4D324022A9600919F36 /* NSView+Fixer.m in Sources */,
			);
			runOnlyForDeploymentPostprocessing = 0;
		};
/* End PBXSourcesBuildPhase section */

/* Begin XCBuildConfiguration section */
		60E4B4CB24022A8C00919F36 /* Debug */ = {
			isa = XCBuildConfiguration;
			buildSettings = {
				ALWAYS_SEARCH_USER_PATHS = NO;
				CLANG_ANALYZER_NONNULL = YES;
				CLANG_ANALYZER_NUMBER_OBJECT_CONVERSION = YES_AGGRESSIVE;
				CLANG_CXX_LANGUAGE_STANDARD = "gnu++14";
				CLANG_CXX_LIBRARY = "libc++";
				CLANG_ENABLE_MODULES = YES;
				CLANG_ENABLE_OBJC_ARC = YES;
				CLANG_ENABLE_OBJC_WEAK = YES;
				CLANG_WARN_BLOCK_CAPTURE_AUTORELEASING = YES;
				CLANG_WARN_BOOL_CONVERSION = YES;
				CLANG_WARN_COMMA = YES;
				CLANG_WARN_CONSTANT_CONVERSION = YES;
				CLANG_WARN_DEPRECATED_OBJC_IMPLEMENTATIONS = YES;
				CLANG_WARN_DIRECT_OBJC_ISA_USAGE = YES_ERROR;
				CLANG_WARN_DOCUMENTATION_COMMENTS = YES;
				CLANG_WARN_EMPTY_BODY = YES;
				CLANG_WARN_ENUM_CONVERSION = YES;
				CLANG_WARN_INFINITE_RECURSION = YES;
				CLANG_WARN_INT_CONVERSION = YES;
				CLANG_WARN_NON_LITERAL_NULL_CONVERSION = YES;
				CLANG_WARN_OBJC_IMPLICIT_RETAIN_SELF = YES;
				CLANG_WARN_OBJC_LITERAL_CONVERSION = YES;
				CLANG_WARN_OBJC_ROOT_CLASS = YES_ERROR;
				CLANG_WARN_RANGE_LOOP_ANALYSIS = YES;
				CLANG_WARN_STRICT_PROTOTYPES = YES;
				CLANG_WARN_SUSPICIOUS_MOVE = YES;
				CLANG_WARN_UNGUARDED_AVAILABILITY = YES_AGGRESSIVE;
				CLANG_WARN_UNREACHABLE_CODE = YES;
				CLANG_WARN__DUPLICATE_METHOD_MATCH = YES;
				COPY_PHASE_STRIP = NO;
				CURRENT_PROJECT_VERSION = 1;
				DEBUG_INFORMATION_FORMAT = dwarf;
				ENABLE_STRICT_OBJC_MSGSEND = YES;
				ENABLE_TESTABILITY = YES;
				GCC_C_LANGUAGE_STANDARD = gnu11;
				GCC_DYNAMIC_NO_PIC = NO;
				GCC_NO_COMMON_BLOCKS = YES;
				GCC_OPTIMIZATION_LEVEL = 0;
				GCC_PREPROCESSOR_DEFINITIONS = (
					"DEBUG=1",
					"$(inherited)",
				);
				GCC_WARN_64_TO_32_BIT_CONVERSION = YES;
				GCC_WARN_ABOUT_RETURN_TYPE = YES_ERROR;
				GCC_WARN_UNDECLARED_SELECTOR = YES;
				GCC_WARN_UNINITIALIZED_AUTOS = YES_AGGRESSIVE;
				GCC_WARN_UNUSED_FUNCTION = YES;
				GCC_WARN_UNUSED_VARIABLE = YES;
				MACOSX_DEPLOYMENT_TARGET = 10.15;
				MTL_ENABLE_DEBUG_INFO = INCLUDE_SOURCE;
				MTL_FAST_MATH = YES;
				ONLY_ACTIVE_ARCH = YES;
				SDKROOT = macosx;
				VERSIONING_SYSTEM = "apple-generic";
				VERSION_INFO_PREFIX = "";
			};
			name = Debug;
		};
		60E4B4CC24022A8C00919F36 /* Release */ = {
			isa = XCBuildConfiguration;
			buildSettings = {
				ALWAYS_SEARCH_USER_PATHS = NO;
				CLANG_ANALYZER_NONNULL = YES;
				CLANG_ANALYZER_NUMBER_OBJECT_CONVERSION = YES_AGGRESSIVE;
				CLANG_CXX_LANGUAGE_STANDARD = "gnu++14";
				CLANG_CXX_LIBRARY = "libc++";
				CLANG_ENABLE_MODULES = YES;
				CLANG_ENABLE_OBJC_ARC = YES;
				CLANG_ENABLE_OBJC_WEAK = YES;
				CLANG_WARN_BLOCK_CAPTURE_AUTORELEASING = YES;
				CLANG_WARN_BOOL_CONVERSION = YES;
				CLANG_WARN_COMMA = YES;
				CLANG_WARN_CONSTANT_CONVERSION = YES;
				CLANG_WARN_DEPRECATED_OBJC_IMPLEMENTATIONS = YES;
				CLANG_WARN_DIRECT_OBJC_ISA_USAGE = YES_ERROR;
				CLANG_WARN_DOCUMENTATION_COMMENTS = YES;
				CLANG_WARN_EMPTY_BODY = YES;
				CLANG_WARN_ENUM_CONVERSION = YES;
				CLANG_WARN_INFINITE_RECURSION = YES;
				CLANG_WARN_INT_CONVERSION = YES;
				CLANG_WARN_NON_LITERAL_NULL_CONVERSION = YES;
				CLANG_WARN_OBJC_IMPLICIT_RETAIN_SELF = YES;
				CLANG_WARN_OBJC_LITERAL_CONVERSION = YES;
				CLANG_WARN_OBJC_ROOT_CLASS = YES_ERROR;
				CLANG_WARN_RANGE_LOOP_ANALYSIS = YES;
				CLANG_WARN_STRICT_PROTOTYPES = YES;
				CLANG_WARN_SUSPICIOUS_MOVE = YES;
				CLANG_WARN_UNGUARDED_AVAILABILITY = YES_AGGRESSIVE;
				CLANG_WARN_UNREACHABLE_CODE = YES;
				CLANG_WARN__DUPLICATE_METHOD_MATCH = YES;
				COPY_PHASE_STRIP = NO;
				CURRENT_PROJECT_VERSION = 1;
				DEBUG_INFORMATION_FORMAT = "dwarf-with-dsym";
				ENABLE_NS_ASSERTIONS = NO;
				ENABLE_STRICT_OBJC_MSGSEND = YES;
				GCC_C_LANGUAGE_STANDARD = gnu11;
				GCC_NO_COMMON_BLOCKS = YES;
				GCC_WARN_64_TO_32_BIT_CONVERSION = YES;
				GCC_WARN_ABOUT_RETURN_TYPE = YES_ERROR;
				GCC_WARN_UNDECLARED_SELECTOR = YES;
				GCC_WARN_UNINITIALIZED_AUTOS = YES_AGGRESSIVE;
				GCC_WARN_UNUSED_FUNCTION = YES;
				GCC_WARN_UNUSED_VARIABLE = YES;
				MACOSX_DEPLOYMENT_TARGET = 10.15;
				MTL_ENABLE_DEBUG_INFO = NO;
				MTL_FAST_MATH = YES;
				SDKROOT = macosx;
				VERSIONING_SYSTEM = "apple-generic";
				VERSION_INFO_PREFIX = "";
			};
			name = Release;
		};
		60E4B4CE24022A8C00919F36 /* Debug */ = {
			isa = XCBuildConfiguration;
			buildSettings = {
				ARCHS = x86_64;
				CODE_SIGN_STYLE = Automatic;
				COMBINE_HIDPI_IMAGES = YES;
				DEFINES_MODULE = YES;
				DYLIB_COMPATIBILITY_VERSION = 1;
				DYLIB_CURRENT_VERSION = 1;
				DYLIB_INSTALL_NAME_BASE = "@rpath";
				INFOPLIST_FILE = OriginFixer/Info.plist;
				INSTALL_PATH = "$(LOCAL_LIBRARY_DIR)/Frameworks";
				LD_RUNPATH_SEARCH_PATHS = (
					"$(inherited)",
					"@executable_path/../Frameworks",
					"@loader_path/Frameworks",
				);
				PRODUCT_BUNDLE_IDENTIFIER = com.tyshawn.OriginFixer;
				PRODUCT_NAME = "$(TARGET_NAME:c99extidentifier)";
				SKIP_INSTALL = YES;
			};
			name = Debug;
		};
		60E4B4CF24022A8C00919F36 /* Release */ = {
			isa = XCBuildConfiguration;
			buildSettings = {
				ARCHS = x86_64;
				CODE_SIGN_STYLE = Automatic;
				COMBINE_HIDPI_IMAGES = YES;
				DEFINES_MODULE = YES;
				DYLIB_COMPATIBILITY_VERSION = 1;
				DYLIB_CURRENT_VERSION = 1;
				DYLIB_INSTALL_NAME_BASE = "@rpath";
				INFOPLIST_FILE = OriginFixer/Info.plist;
				INSTALL_PATH = "$(LOCAL_LIBRARY_DIR)/Frameworks";
				LD_RUNPATH_SEARCH_PATHS = (
					"$(inherited)",
					"@executable_path/../Frameworks",
					"@loader_path/Frameworks",
				);
				PRODUCT_BUNDLE_IDENTIFIER = com.tyshawn.OriginFixer;
				PRODUCT_NAME = "$(TARGET_NAME:c99extidentifier)";
				SKIP_INSTALL = YES;
			};
			name = Release;
		};
/* End XCBuildConfiguration section */

/* Begin XCConfigurationList section */
		60E4B4BF24022A8B00919F36 /* Build configuration list for PBXProject "OriginFixer" */ = {
			isa = XCConfigurationList;
			buildConfigurations = (
				60E4B4CB24022A8C00919F36 /* Debug */,
				60E4B4CC24022A8C00919F36 /* Release */,
			);
			defaultConfigurationIsVisible = 0;
			defaultConfigurationName = Release;
		};
		60E4B4CD24022A8C00919F36 /* Build configuration list for PBXNativeTarget "OriginFixer" */ = {
			isa = XCConfigurationList;
			buildConfigurations = (
				60E4B4CE24022A8C00919F36 /* Debug */,
				60E4B4CF24022A8C00919F36 /* Release */,
			);
			defaultConfigurationIsVisible = 0;
			defaultConfigurationName = Release;
		};
/* End XCConfigurationList section */
	};
	rootObject = 60E4B4BC24022A8B00919F36 /* Project object */;
}
